{
  "name": "ac-tasks",
  "version": "1.0.0",
  "lockfileVersion": 3,
  "requires": true,
  "packages": {
    "": {
      "name": "ac-tasks",
      "version": "1.0.0",
      "dependencies": {
        "cytoscape": "^3.34.0",
        "cytoscape-dagre": "^4.0.0"
      }
    },
    "node_modules/cytoscape": {
      "version": "3.34.0",
      "resolved": "https://registry.npmjs.org/cytoscape/-/cytoscape-3.34.0.tgz",
      "integrity": "sha512-62rNSrioXw93uliKFBwjukeQyeWwH2PqDrTac31r2P6464u3AUvTk0xS4LVvT251g7IgkFunrI48ZEZGjywSOg==",
      "license": "MIT",
      "engines": {
        "node": ">=0.10"
      }
    },
    "node_modules/cytoscape-dagre": {
      "version": "4.0.0",
      "resolved": "https://registry.npmjs.org/cytoscape-dagre/-/cytoscape-dagre-4.0.0.tgz",
      "integrity": "sha512-wsDgi1hHpWfslQxe/Gd/xCCeg2YUDrzwulhHOSI7fMfll92FFVY2AWhSRulLiOVcyDE4zz0rRd/+1TBTw+ew5Q==",
      "license": "MIT",
      "peerDependencies": {
        "cytoscape": "^3.2.22"
      }
    }
  }
}
